
Microsoft Visual Studio Solution File, Format Version 12.00
Project("{FAE04EC0-301F-11D3-BF4B-00C04F79EFBC}") = "ConsoleApp", "ConsoleApp\ConsoleApp.csproj", "{1B5D7ADE-D9BD-4149-AAB0-24572E033B29}"
EndProject
Project("{FAE04EC0-301F-11D3-BF4B-00C04F79EFBC}") = "MenuSystem", "MenuSystem\MenuSystem.csproj", "{8632CD3C-2D34-4745-8C02-EE50AB057537}"
EndProject
Project("{2150E333-8FDC-42A3-9474-1A3956D46DE8}") = "!Solution Items", "!Solution Items", "{C2DE5FAA-53DB-427A-B3B5-A53BCED7D4B3}"
	ProjectSection(SolutionItems) = preProject
		Directory.Build.props = Directory.Build.props
	EndProjectSection
EndProject
Global
	GlobalSection(SolutionConfigurationPlatforms) = preSolution
		Debug|Any CPU = Debug|Any CPU
		Release|Any CPU = Release|Any CPU
	EndGlobalSection
	GlobalSection(ProjectConfigurationPlatforms) = postSolution
		{1B5D7ADE-D9BD-4149-AAB0-24572E033B29}.Debug|Any CPU.ActiveCfg = Debug|Any CPU
		{1B5D7ADE-D9BD-4149-AAB0-24572E033B29}.Debug|Any CPU.Build.0 = Debug|Any CPU
		{1B5D7ADE-D9BD-4149-AAB0-24572E033B29}.Release|Any CPU.ActiveCfg = Release|Any CPU
		{1B5D7ADE-D9BD-4149-AAB0-24572E033B29}.Release|Any CPU.Build.0 = Release|Any CPU
		{8632CD3C-2D34-4745-8C02-EE50AB057537}.Debug|Any CPU.ActiveCfg = Debug|Any CPU
		{8632CD3C-2D34-4745-8C02-EE50AB057537}.Debug|Any CPU.Build.0 = Debug|Any CPU
		{8632CD3C-2D34-4745-8C02-EE50AB057537}.Release|Any CPU.ActiveCfg = Release|Any CPU
		{8632CD3C-2D34-4745-8C02-EE50AB057537}.Release|Any CPU.Build.0 = Release|Any CPU
	EndGlobalSection
EndGlobal
